
Microsoft Visual Studio Solution File, Format Version 12.00
# Visual Studio Version 17
VisualStudioVersion = 17.3.32505.426
MinimumVisualStudioVersion = 10.0.40219.1
Project("{8BC9CEB8-8B4A-11D0-8D11-00A0C91BC942}") = "MultiplyMatrix", "MultiplyMatrix\MultiplyMatrix.vcxproj", "{81EB5660-DB1A-4CB1-A210-B30877A51775}"
EndProject
Global
	GlobalSection(SolutionConfigurationPlatforms) = preSolution
		Debug|x64 = Debug|x64
		Release|x64 = Release|x64
	EndGlobalSection
	GlobalSection(ProjectConfigurationPlatforms) = postSolution
		{81EB5660-DB1A-4CB1-A210-B30877A51775}.Debug|x64.ActiveCfg = Debug|x64
		{81EB5660-DB1A-4CB1-A210-B30877A51775}.Debug|x64.Build.0 = Debug|x64
		{81EB5660-DB1A-4CB1-A210-B30877A51775}.Release|x64.ActiveCfg = Release|x64
		{81EB5660-DB1A-4CB1-A210-B30877A51775}.Release|x64.Build.0 = Release|x64
	EndGlobalSection
	GlobalSection(SolutionProperties) = preSolution
		HideSolutionNode = FALSE
	EndGlobalSection
	GlobalSection(ExtensibilityGlobals) = postSolution
		SolutionGuid = {53FBD2B9-438D-40D8-B182-FF987A19DCA5}
	EndGlobalSection
EndGlobal
